
Microsoft Visual Studio Solution File, Format Version 12.00
# Visual Studio Version 17
VisualStudioVersion = 17.6.33712.159
MinimumVisualStudioVersion = 10.0.40219.1
Project("{8BC9CEB8-8B4A-11D0-8D11-00A0C91BC942}") = "Assignment1_1", "Assignment1_1.vcxproj", "{F58CB632-D6CF-4AAB-8189-85D516B94065}"
EndProject
Global
	GlobalSection(SolutionConfigurationPlatforms) = preSolution
		Debug|x64 = Debug|x64
		Debug|x86 = Debug|x86
		Release|x64 = Release|x64
		Release|x86 = Release|x86
	EndGlobalSection
	GlobalSection(ProjectConfigurationPlatforms) = postSolution
		{F58CB632-D6CF-4AAB-8189-85D516B94065}.Debug|x64.ActiveCfg = Debug|x64
		{F58CB632-D6CF-4AAB-8189-85D516B94065}.Debug|x64.Build.0 = Debug|x64
		{F58CB632-D6CF-4AAB-8189-85D516B94065}.Debug|x86.ActiveCfg = Debug|Win32
		{F58CB632-D6CF-4AAB-8189-85D516B94065}.Debug|x86.Build.0 = Debug|Win32
		{F58CB632-D6CF-4AAB-8189-85D516B94065}.Release|x64.ActiveCfg = Release|x64
		{F58CB632-D6CF-4AAB-8189-85D516B94065}.Release|x64.Build.0 = Release|x64
		{F58CB632-D6CF-4AAB-8189-85D516B94065}.Release|x86.ActiveCfg = Release|Win32
		{F58CB632-D6CF-4AAB-8189-85D516B94065}.Release|x86.Build.0 = Release|Win32
	EndGlobalSection
	GlobalSection(SolutionProperties) = preSolution
		HideSolutionNode = FALSE
	EndGlobalSection
	GlobalSection(ExtensibilityGlobals) = postSolution
		SolutionGuid = {EC99E370-E016-427A-ADAF-EDE51E96AFD5}
	EndGlobalSection
EndGlobal
